
Microsoft Visual Studio Solution File, Format Version 12.00
# Visual Studio Version 17
VisualStudioVersion = 17.4.33213.308
MinimumVisualStudioVersion = 10.0.40219.1
Project("{FAE04EC0-301F-11D3-BF4B-00C04F79EFBC}") = "ЛАБА 1 ЗАВДАННЯ 3 (2 СЕМ.)", "ЛАБА 1 ЗАВДАННЯ 3 (2 СЕМ.)\ЛАБА 1 ЗАВДАННЯ 3 (2 СЕМ.).csproj", "{8880A003-9E4A-4C71-ACC3-7673EDE8815E}"
EndProject
Global
	GlobalSection(SolutionConfigurationPlatforms) = preSolution
		Debug|Any CPU = Debug|Any CPU
		Release|Any CPU = Release|Any CPU
	EndGlobalSection
	GlobalSection(ProjectConfigurationPlatforms) = postSolution
		{8880A003-9E4A-4C71-ACC3-7673EDE8815E}.Debug|Any CPU.ActiveCfg = Debug|Any CPU
		{8880A003-9E4A-4C71-ACC3-7673EDE8815E}.Debug|Any CPU.Build.0 = Debug|Any CPU
		{8880A003-9E4A-4C71-ACC3-7673EDE8815E}.Release|Any CPU.ActiveCfg = Release|Any CPU
		{8880A003-9E4A-4C71-ACC3-7673EDE8815E}.Release|Any CPU.Build.0 = Release|Any CPU
	EndGlobalSection
	GlobalSection(SolutionProperties) = preSolution
		HideSolutionNode = FALSE
	EndGlobalSection
	GlobalSection(ExtensibilityGlobals) = postSolution
		SolutionGuid = {FB465FDA-33AC-4359-8B32-BDF7921C85B2}
	EndGlobalSection
EndGlobal
